
Microsoft Visual Studio Solution File, Format Version 12.00
# Visual Studio Version 16
VisualStudioVersion = 16.0.30114.105
MinimumVisualStudioVersion = 10.0.40219.1
Project("{9A19103F-16F7-4668-BE54-9A1E7A4F7556}") = "TodoApi.Server", "TodoApi.Server\TodoApi.Server.csproj", "{63381DA7-76A8-4221-9A2A-60561B3DC44B}"
EndProject
Project("{2150E333-8FDC-42A3-9474-1A3956D46DE8}") = "Tests", "Tests", "{55E950EC-7F99-4001-906A-3AC6CDEA8721}"
EndProject
Project("{FAE04EC0-301F-11D3-BF4B-00C04F79EFBC}") = "TodoApi.Server.UnitTests", "Tests\TodoApi.Server.UnitTests\TodoApi.Server.UnitTests.csproj", "{CA24FD9B-7507-4E54-B2EB-195A6CC7FC0E}"
EndProject
Project("{FAE04EC0-301F-11D3-BF4B-00C04F79EFBC}") = "TodoApi.Server.IntegrationTests", "Tests\TodoApi.Server.IntegrationTests\TodoApi.Server.IntegrationTests.csproj", "{ABFCAEE6-541A-4534-BB4D-E97478AB3D4E}"
EndProject
Global
	GlobalSection(SolutionConfigurationPlatforms) = preSolution
		Debug|Any CPU = Debug|Any CPU
		Release|Any CPU = Release|Any CPU
	EndGlobalSection
	GlobalSection(ProjectConfigurationPlatforms) = postSolution
		{63381DA7-76A8-4221-9A2A-60561B3DC44B}.Debug|Any CPU.ActiveCfg = Debug|Any CPU
		{63381DA7-76A8-4221-9A2A-60561B3DC44B}.Debug|Any CPU.Build.0 = Debug|Any CPU
		{63381DA7-76A8-4221-9A2A-60561B3DC44B}.Release|Any CPU.ActiveCfg = Release|Any CPU
		{63381DA7-76A8-4221-9A2A-60561B3DC44B}.Release|Any CPU.Build.0 = Release|Any CPU
		{CA24FD9B-7507-4E54-B2EB-195A6CC7FC0E}.Debug|Any CPU.ActiveCfg = Debug|Any CPU
		{CA24FD9B-7507-4E54-B2EB-195A6CC7FC0E}.Debug|Any CPU.Build.0 = Debug|Any CPU
		{CA24FD9B-7507-4E54-B2EB-195A6CC7FC0E}.Release|Any CPU.ActiveCfg = Release|Any CPU
		{CA24FD9B-7507-4E54-B2EB-195A6CC7FC0E}.Release|Any CPU.Build.0 = Release|Any CPU
		{ABFCAEE6-541A-4534-BB4D-E97478AB3D4E}.Debug|Any CPU.ActiveCfg = Debug|Any CPU
		{ABFCAEE6-541A-4534-BB4D-E97478AB3D4E}.Debug|Any CPU.Build.0 = Debug|Any CPU
		{ABFCAEE6-541A-4534-BB4D-E97478AB3D4E}.Release|Any CPU.ActiveCfg = Release|Any CPU
		{ABFCAEE6-541A-4534-BB4D-E97478AB3D4E}.Release|Any CPU.Build.0 = Release|Any CPU
	EndGlobalSection
	GlobalSection(SolutionProperties) = preSolution
		HideSolutionNode = FALSE
	EndGlobalSection
	GlobalSection(NestedProjects) = preSolution
		{CA24FD9B-7507-4E54-B2EB-195A6CC7FC0E} = {55E950EC-7F99-4001-906A-3AC6CDEA8721}
		{ABFCAEE6-541A-4534-BB4D-E97478AB3D4E} = {55E950EC-7F99-4001-906A-3AC6CDEA8721}
	EndGlobalSection
	GlobalSection(ExtensibilityGlobals) = postSolution
		SolutionGuid = {137DD5AE-E34B-4236-8E53-47A4E2E599AC}
	EndGlobalSection
EndGlobal
